
Microsoft Visual Studio Solution File, Format Version 12.00
# Visual Studio Express 2013 for Windows Desktop
VisualStudioVersion = 12.0.31101.0
MinimumVisualStudioVersion = 10.0.40219.1
Project("{8BC9CEB8-8B4A-11D0-8D11-00A0C91BC942}") = "min", "min\min.vcxproj", "{778E7FD6-8ABD-4E88-860A-5ED014338152}"
	ProjectSection(ProjectDependencies) = postProject
		{C3C0BF95-E164-4AD7-9FF7-DB14E8C836E6} = {C3C0BF95-E164-4AD7-9FF7-DB14E8C836E6}
	EndProjectSection
EndProject
Project("{8BC9CEB8-8B4A-11D0-8D11-00A0C91BC942}") = "Datafile", "..\Datafile\Datafile\Datafile.vcxproj", "{C3C0BF95-E164-4AD7-9FF7-DB14E8C836E6}"
EndProject
Project("{8BC9CEB8-8B4A-11D0-8D11-00A0C91BC942}") = "anim_md5", "..\Example 2-Animated MD5\anim_md5\anim_md5.vcxproj", "{85B7C1AE-1171-4FEB-ABE1-EEE77FA1F7D3}"
	ProjectSection(ProjectDependencies) = postProject
		{778E7FD6-8ABD-4E88-860A-5ED014338152} = {778E7FD6-8ABD-4E88-860A-5ED014338152}
	EndProjectSection
EndProject
Project("{8BC9CEB8-8B4A-11D0-8D11-00A0C91BC942}") = "roadgame", "..\Example 1 - Road Game\roadgame\roadgame.vcxproj", "{80793EFD-72EA-420A-BDA3-D1A892550B5B}"
	ProjectSection(ProjectDependencies) = postProject
		{778E7FD6-8ABD-4E88-860A-5ED014338152} = {778E7FD6-8ABD-4E88-860A-5ED014338152}
	EndProjectSection
EndProject
Global
	GlobalSection(SolutionConfigurationPlatforms) = preSolution
		Debug|Win32 = Debug|Win32
		Release|Win32 = Release|Win32
	EndGlobalSection
	GlobalSection(ProjectConfigurationPlatforms) = postSolution
		{778E7FD6-8ABD-4E88-860A-5ED014338152}.Debug|Win32.ActiveCfg = Debug|Win32
		{778E7FD6-8ABD-4E88-860A-5ED014338152}.Debug|Win32.Build.0 = Debug|Win32
		{778E7FD6-8ABD-4E88-860A-5ED014338152}.Release|Win32.ActiveCfg = Release|Win32
		{778E7FD6-8ABD-4E88-860A-5ED014338152}.Release|Win32.Build.0 = Release|Win32
		{C3C0BF95-E164-4AD7-9FF7-DB14E8C836E6}.Debug|Win32.ActiveCfg = Debug|Win32
		{C3C0BF95-E164-4AD7-9FF7-DB14E8C836E6}.Debug|Win32.Build.0 = Debug|Win32
		{C3C0BF95-E164-4AD7-9FF7-DB14E8C836E6}.Release|Win32.ActiveCfg = Release|Win32
		{C3C0BF95-E164-4AD7-9FF7-DB14E8C836E6}.Release|Win32.Build.0 = Release|Win32
		{85B7C1AE-1171-4FEB-ABE1-EEE77FA1F7D3}.Debug|Win32.ActiveCfg = Debug|Win32
		{85B7C1AE-1171-4FEB-ABE1-EEE77FA1F7D3}.Debug|Win32.Build.0 = Debug|Win32
		{85B7C1AE-1171-4FEB-ABE1-EEE77FA1F7D3}.Release|Win32.ActiveCfg = Release|Win32
		{85B7C1AE-1171-4FEB-ABE1-EEE77FA1F7D3}.Release|Win32.Build.0 = Release|Win32
		{80793EFD-72EA-420A-BDA3-D1A892550B5B}.Debug|Win32.ActiveCfg = Debug|Win32
		{80793EFD-72EA-420A-BDA3-D1A892550B5B}.Debug|Win32.Build.0 = Debug|Win32
		{80793EFD-72EA-420A-BDA3-D1A892550B5B}.Release|Win32.ActiveCfg = Release|Win32
		{80793EFD-72EA-420A-BDA3-D1A892550B5B}.Release|Win32.Build.0 = Release|Win32
	EndGlobalSection
	GlobalSection(SolutionProperties) = preSolution
		HideSolutionNode = FALSE
	EndGlobalSection
EndGlobal
