<?xml version="1.0" encoding="utf-8"?>
<Project ToolsVersion="4.0" xmlns="http://schemas.microsoft.com/developer/msbuild/2003">
  <ItemGroup>
    <Filter Include="Source Files">
      <UniqueIdentifier>{4FC737F1-C7A5-4376-A066-2A32D752A2FF}</UniqueIdentifier>
      <Extensions>cpp;c;cc;cxx;def;odl;idl;hpj;bat;asm;asmx</Extensions>
    </Filter>
    <Filter Include="Header Files">
      <UniqueIdentifier>{93995380-89BD-4b04-88EB-625FBE52EBFB}</UniqueIdentifier>
      <Extensions>h;hpp;hxx;hm;inl;inc;xsd</Extensions>
    </Filter>
    <Filter Include="Resource Files">
      <UniqueIdentifier>{67DA6AB6-F800-4c08-8B7A-83BB121AAD01}</UniqueIdentifier>
      <Extensions>rc;ico;cur;bmp;dlg;rc2;rct;bin;rgs;gif;jpg;jpeg;jpe;resx;tiff;tif;png;wav;mfcribbon-ms</Extensions>
    </Filter>
  </ItemGroup>
  <ItemGroup>
    <Text Include="ReadMe.txt" />
  </ItemGroup>
  <ItemGroup>
    <ClInclude Include="stdafx.h">
      <Filter>Header Files</Filter>
    </ClInclude>
    <ClInclude Include="targetver.h">
      <Filter>Header Files</Filter>
    </ClInclude>
    <ClInclude Include="DatabaseContainer.h">
      <Filter>Header Files</Filter>
    </ClInclude>
    <ClInclude Include="DatabaseContainerBase.h">
      <Filter>Header Files</Filter>
    </ClInclude>
    <ClInclude Include="DatabaseTable.h">
      <Filter>Header Files</Filter>
    </ClInclude>
    <ClInclude Include="DataContainer.h">
      <Filter>Header Files</Filter>
    </ClInclude>
    <ClInclude Include="DataContainerBase.h">
      <Filter>Header Files</Filter>
    </ClInclude>
    <ClInclude Include="Datafile.h">
      <Filter>Header Files</Filter>
    </ClInclude>
    <ClInclude Include="DoubleContainer.h">
      <Filter>Header Files</Filter>
    </ClInclude>
    <ClInclude Include="FloatContainer.h">
      <Filter>Header Files</Filter>
    </ClInclude>
    <ClInclude Include="funcs.h">
      <Filter>Header Files</Filter>
    </ClInclude>
    <ClInclude Include="IntContainer.h">
      <Filter>Header Files</Filter>
    </ClInclude>
    <ClInclude Include="SocketContainer.h">
      <Filter>Header Files</Filter>
    </ClInclude>
    <ClInclude Include="StringContainer.h">
      <Filter>Header Files</Filter>
    </ClInclude>
    <ClInclude Include="UIntContainer.h">
      <Filter>Header Files</Filter>
    </ClInclude>
  </ItemGroup>
  <ItemGroup>
    <ClCompile Include="DatabaseContainerBase.cpp">
      <Filter>Source Files</Filter>
    </ClCompile>
    <ClCompile Include="DatabaseTable.cpp">
      <Filter>Source Files</Filter>
    </ClCompile>
    <ClCompile Include="DataContainerBase.cpp">
      <Filter>Source Files</Filter>
    </ClCompile>
    <ClCompile Include="Datafile.cpp">
      <Filter>Source Files</Filter>
    </ClCompile>
    <ClCompile Include="DoubleContainer.cpp">
      <Filter>Source Files</Filter>
    </ClCompile>
    <ClCompile Include="FloatContainer.cpp">
      <Filter>Source Files</Filter>
    </ClCompile>
    <ClCompile Include="funcs.cpp">
      <Filter>Source Files</Filter>
    </ClCompile>
    <ClCompile Include="IntContainer.cpp">
      <Filter>Source Files</Filter>
    </ClCompile>
    <ClCompile Include="SocketContainer.cpp">
      <Filter>Source Files</Filter>
    </ClCompile>
    <ClCompile Include="StringContainer.cpp">
      <Filter>Source Files</Filter>
    </ClCompile>
    <ClCompile Include="UIntContainer.cpp">
      <Filter>Source Files</Filter>
    </ClCompile>
  </ItemGroup>
</Project>